PODS:
  - Alamofire (4.7.3)
  - SwiftChart (1.0.1)

DEPENDENCIES:
  - Alamofire (~> 4.7)
  - SwiftChart

SPEC REPOS:
  https://github.com/cocoapods/specs.git:
    - Alamofire
    - SwiftChart

SPEC CHECKSUMS:
  Alamofire: c7287b6e5d7da964a70935e5db17046b7fde6568
  SwiftChart: ba767a678d568a5ee22d419e146a0582865e1aff

PODFILE CHECKSUM: 1359f901bd69ea7e1b53b46b73e195f69ff155d7

COCOAPODS: 1.5.3
